
Microsoft Visual Studio Solution File, Format Version 12.00
# Visual Studio 15
VisualStudioVersion = 15.0.28010.2026
MinimumVisualStudioVersion = 10.0.40219.1
Project("{FAE04EC0-301F-11D3-BF4B-00C04F79EFBC}") = "MazeGenProject", "MazeGenProject\MazeGenProject.csproj", "{DCEF78E7-2C5C-4DFC-A338-6FD77CCEED3C}"
EndProject
Global
	GlobalSection(SolutionConfigurationPlatforms) = preSolution
		Debug|x86 = Debug|x86
		Release|x86 = Release|x86
	EndGlobalSection
	GlobalSection(ProjectConfigurationPlatforms) = postSolution
		{DCEF78E7-2C5C-4DFC-A338-6FD77CCEED3C}.Debug|x86.ActiveCfg = Debug|x86
		{DCEF78E7-2C5C-4DFC-A338-6FD77CCEED3C}.Debug|x86.Build.0 = Debug|x86
		{DCEF78E7-2C5C-4DFC-A338-6FD77CCEED3C}.Release|x86.ActiveCfg = Release|x86
		{DCEF78E7-2C5C-4DFC-A338-6FD77CCEED3C}.Release|x86.Build.0 = Release|x86
	EndGlobalSection
	GlobalSection(SolutionProperties) = preSolution
		HideSolutionNode = FALSE
	EndGlobalSection
	GlobalSection(ExtensibilityGlobals) = postSolution
		SolutionGuid = {B953ADF1-6248-4043-879B-5B02F702342B}
	EndGlobalSection
EndGlobal
